// !$*UTF8*$!
{
	archiveVersion = 1;
	classes = {
	};
	objectVersion = 56;
	objects = {

/* Begin PBXBuildFile section */
		008A21F228FD089600AE6506 /* I_SeeApp.swift in Sources */ = {isa = PBXBuildFile; fileRef = 008A21F128FD089600AE6506 /* I_SeeApp.swift */; };
		008A21F428FD089600AE6506 /* ContentView.swift in Sources */ = {isa = PBXBuildFile; fileRef = 008A21F328FD089600AE6506 /* ContentView.swift */; };
		008A21F628FD089600AE6506 /* Assets.xcassets in Resources */ = {isa = PBXBuildFile; fileRef = 008A21F528FD089600AE6506 /* Assets.xcassets */; };
		008A21FA28FD089600AE6506 /* Preview Assets.xcassets in Resources */ = {isa = PBXBuildFile; fileRef = 008A21F928FD089600AE6506 /* Preview Assets.xcassets */; };
		008A220428FD089600AE6506 /* I_SeeTests.swift in Sources */ = {isa = PBXBuildFile; fileRef = 008A220328FD089600AE6506 /* I_SeeTests.swift */; };
		008A220E28FD089600AE6506 /* I_SeeUITests.swift in Sources */ = {isa = PBXBuildFile; fileRef = 008A220D28FD089600AE6506 /* I_SeeUITests.swift */; };
		008A221028FD089600AE6506 /* I_SeeUITestsLaunchTests.swift in Sources */ = {isa = PBXBuildFile; fileRef = 008A220F28FD089600AE6506 /* I_SeeUITestsLaunchTests.swift */; };
		008A221D28FD0C2900AE6506 /* Items.json in Resources */ = {isa = PBXBuildFile; fileRef = 008A221C28FD0C2800AE6506 /* Items.json */; };
		008A222928FD0DE000AE6506 /* Dresser.png in Resources */ = {isa = PBXBuildFile; fileRef = 008A222228FD0DDF00AE6506 /* Dresser.png */; };
		008A222A28FD0DE000AE6506 /* PaintedRock1.png in Resources */ = {isa = PBXBuildFile; fileRef = 008A222328FD0DE000AE6506 /* PaintedRock1.png */; };
		008A222B28FD0DE000AE6506 /* KateBilo2.png in Resources */ = {isa = PBXBuildFile; fileRef = 008A222428FD0DE000AE6506 /* KateBilo2.png */; };
		008A222C28FD0DE000AE6506 /* BirdFeeder.png in Resources */ = {isa = PBXBuildFile; fileRef = 008A222528FD0DE000AE6506 /* BirdFeeder.png */; };
		008A222D28FD0DE000AE6506 /* KateBilo1.png in Resources */ = {isa = PBXBuildFile; fileRef = 008A222628FD0DE000AE6506 /* KateBilo1.png */; };
		008A222E28FD0DE000AE6506 /* Deb1.png in Resources */ = {isa = PBXBuildFile; fileRef = 008A222728FD0DE000AE6506 /* Deb1.png */; };
		008A222F28FD0DE000AE6506 /* GermanPitcher.png in Resources */ = {isa = PBXBuildFile; fileRef = 008A222828FD0DE000AE6506 /* GermanPitcher.png */; };
		008A223428FD129300AE6506 /* Models.swift in Sources */ = {isa = PBXBuildFile; fileRef = 008A223028FD129300AE6506 /* Models.swift */; };
		008A223528FD129300AE6506 /* testdata.json in Resources */ = {isa = PBXBuildFile; fileRef = 008A223128FD129300AE6506 /* testdata.json */; };
		008A223628FD129300AE6506 /* data.json in Resources */ = {isa = PBXBuildFile; fileRef = 008A223228FD129300AE6506 /* data.json */; };
		008A223728FD129300AE6506 /* Logger.swift in Sources */ = {isa = PBXBuildFile; fileRef = 008A223328FD129300AE6506 /* Logger.swift */; };
/* End PBXBuildFile section */

/* Begin PBXContainerItemProxy section */
		008A220028FD089600AE6506 /* PBXContainerItemProxy */ = {
			isa = PBXContainerItemProxy;
			containerPortal = 008A21E628FD089600AE6506 /* Project object */;
			proxyType = 1;
			remoteGlobalIDString = 008A21ED28FD089600AE6506;
			remoteInfo = I_See;
		};
		008A220A28FD089600AE6506 /* PBXContainerItemProxy */ = {
			isa = PBXContainerItemProxy;
			containerPortal = 008A21E628FD089600AE6506 /* Project object */;
			proxyType = 1;
			remoteGlobalIDString = 008A21ED28FD089600AE6506;
			remoteInfo = I_See;
		};
/* End PBXContainerItemProxy section */

/* Begin PBXFileReference section */
		008A21EE28FD089600AE6506 /* I_See.app */ = {isa = PBXFileReference; explicitFileType = wrapper.application; includeInIndex = 0; path = I_See.app; sourceTree = BUILT_PRODUCTS_DIR; };
		008A21F128FD089600AE6506 /* I_SeeApp.swift */ = {isa = PBXFileReference; lastKnownFileType = sourcecode.swift; path = I_SeeApp.swift; sourceTree = "<group>"; };
		008A21F328FD089600AE6506 /* ContentView.swift */ = {isa = PBXFileReference; lastKnownFileType = sourcecode.swift; path = ContentView.swift; sourceTree = "<group>"; };
		008A21F528FD089600AE6506 /* Assets.xcassets */ = {isa = PBXFileReference; lastKnownFileType = folder.assetcatalog; path = Assets.xcassets; sourceTree = "<group>"; };
		008A21F728FD089600AE6506 /* I_See.entitlements */ = {isa = PBXFileReference; lastKnownFileType = text.plist.entitlements; path = I_See.entitlements; sourceTree = "<group>"; };
		008A21F928FD089600AE6506 /* Preview Assets.xcassets */ = {isa = PBXFileReference; lastKnownFileType = folder.assetcatalog; path = "Preview Assets.xcassets"; sourceTree = "<group>"; };
		008A21FF28FD089600AE6506 /* I_SeeTests.xctest */ = {isa = PBXFileReference; explicitFileType = wrapper.cfbundle; includeInIndex = 0; path = I_SeeTests.xctest; sourceTree = BUILT_PRODUCTS_DIR; };
		008A220328FD089600AE6506 /* I_SeeTests.swift */ = {isa = PBXFileReference; lastKnownFileType = sourcecode.swift; path = I_SeeTests.swift; sourceTree = "<group>"; };
		008A220928FD089600AE6506 /* I_SeeUITests.xctest */ = {isa = PBXFileReference; explicitFileType = wrapper.cfbundle; includeInIndex = 0; path = I_SeeUITests.xctest; sourceTree = BUILT_PRODUCTS_DIR; };
		008A220D28FD089600AE6506 /* I_SeeUITests.swift */ = {isa = PBXFileReference; lastKnownFileType = sourcecode.swift; path = I_SeeUITests.swift; sourceTree = "<group>"; };
		008A220F28FD089600AE6506 /* I_SeeUITestsLaunchTests.swift */ = {isa = PBXFileReference; lastKnownFileType = sourcecode.swift; path = I_SeeUITestsLaunchTests.swift; sourceTree = "<group>"; };
		008A221C28FD0C2800AE6506 /* Items.json */ = {isa = PBXFileReference; fileEncoding = 4; lastKnownFileType = text.json; name = Items.json; path = ../../ISeeIt/ISeeIt/Items.json; sourceTree = "<group>"; };
		008A222228FD0DDF00AE6506 /* Dresser.png */ = {isa = PBXFileReference; lastKnownFileType = image.png; path = Dresser.png; sourceTree = "<group>"; };
		008A222328FD0DE000AE6506 /* PaintedRock1.png */ = {isa = PBXFileReference; lastKnownFileType = image.png; path = PaintedRock1.png; sourceTree = "<group>"; };
		008A222428FD0DE000AE6506 /* KateBilo2.png */ = {isa = PBXFileReference; lastKnownFileType = image.png; path = KateBilo2.png; sourceTree = "<group>"; };
		008A222528FD0DE000AE6506 /* BirdFeeder.png */ = {isa = PBXFileReference; lastKnownFileType = image.png; path = BirdFeeder.png; sourceTree = "<group>"; };
		008A222628FD0DE000AE6506 /* KateBilo1.png */ = {isa = PBXFileReference; lastKnownFileType = image.png; path = KateBilo1.png; sourceTree = "<group>"; };
		008A222728FD0DE000AE6506 /* Deb1.png */ = {isa = PBXFileReference; lastKnownFileType = image.png; path = Deb1.png; sourceTree = "<group>"; };
		008A222828FD0DE000AE6506 /* GermanPitcher.png */ = {isa = PBXFileReference; lastKnownFileType = image.png; path = GermanPitcher.png; sourceTree = "<group>"; };
		008A223028FD129300AE6506 /* Models.swift */ = {isa = PBXFileReference; fileEncoding = 4; lastKnownFileType = sourcecode.swift; path = Models.swift; sourceTree = "<group>"; };
		008A223128FD129300AE6506 /* testdata.json */ = {isa = PBXFileReference; fileEncoding = 4; lastKnownFileType = text.json; path = testdata.json; sourceTree = "<group>"; };
		008A223228FD129300AE6506 /* data.json */ = {isa = PBXFileReference; fileEncoding = 4; lastKnownFileType = text.json; path = data.json; sourceTree = "<group>"; };
		008A223328FD129300AE6506 /* Logger.swift */ = {isa = PBXFileReference; fileEncoding = 4; lastKnownFileType = sourcecode.swift; path = Logger.swift; sourceTree = "<group>"; };
/* End PBXFileReference section */

/* Begin PBXFrameworksBuildPhase section */
		008A21EB28FD089600AE6506 /* Frameworks */ = {
			isa = PBXFrameworksBuildPhase;
			buildActionMask = 2147483647;
			files = (
			);
			runOnlyForDeploymentPostprocessing = 0;
		};
		008A21FC28FD089600AE6506 /* Frameworks */ = {
			isa = PBXFrameworksBuildPhase;
			buildActionMask = 2147483647;
			files = (
			);
			runOnlyForDeploymentPostprocessing = 0;
		};
		008A220628FD089600AE6506 /* Frameworks */ = {
			isa = PBXFrameworksBuildPhase;
			buildActionMask = 2147483647;
			files = (
			);
			runOnlyForDeploymentPostprocessing = 0;
		};
/* End PBXFrameworksBuildPhase section */

/* Begin PBXGroup section */
		008A21E528FD089600AE6506 = {
			isa = PBXGroup;
			children = (
				008A21F028FD089600AE6506 /* I_See */,
				008A220228FD089600AE6506 /* I_SeeTests */,
				008A220C28FD089600AE6506 /* I_SeeUITests */,
				008A21EF28FD089600AE6506 /* Products */,
			);
			sourceTree = "<group>";
		};
		008A21EF28FD089600AE6506 /* Products */ = {
			isa = PBXGroup;
			children = (
				008A21EE28FD089600AE6506 /* I_See.app */,
				008A21FF28FD089600AE6506 /* I_SeeTests.xctest */,
				008A220928FD089600AE6506 /* I_SeeUITests.xctest */,
			);
			name = Products;
			sourceTree = "<group>";
		};
		008A21F028FD089600AE6506 /* I_See */ = {
			isa = PBXGroup;
			children = (
				008A223228FD129300AE6506 /* data.json */,
				008A223328FD129300AE6506 /* Logger.swift */,
				008A223028FD129300AE6506 /* Models.swift */,
				008A223128FD129300AE6506 /* testdata.json */,
				008A222528FD0DE000AE6506 /* BirdFeeder.png */,
				008A222728FD0DE000AE6506 /* Deb1.png */,
				008A222228FD0DDF00AE6506 /* Dresser.png */,
				008A222828FD0DE000AE6506 /* GermanPitcher.png */,
				008A222628FD0DE000AE6506 /* KateBilo1.png */,
				008A222428FD0DE000AE6506 /* KateBilo2.png */,
				008A222328FD0DE000AE6506 /* PaintedRock1.png */,
				008A221C28FD0C2800AE6506 /* Items.json */,
				008A21F128FD089600AE6506 /* I_SeeApp.swift */,
				008A21F328FD089600AE6506 /* ContentView.swift */,
				008A21F528FD089600AE6506 /* Assets.xcassets */,
				008A21F728FD089600AE6506 /* I_See.entitlements */,
				008A21F828FD089600AE6506 /* Preview Content */,
			);
			path = I_See;
			sourceTree = "<group>";
		};
		008A21F828FD089600AE6506 /* Preview Content */ = {
			isa = PBXGroup;
			children = (
				008A21F928FD089600AE6506 /* Preview Assets.xcassets */,
			);
			path = "Preview Content";
			sourceTree = "<group>";
		};
		008A220228FD089600AE6506 /* I_SeeTests */ = {
			isa = PBXGroup;
			children = (
				008A220328FD089600AE6506 /* I_SeeTests.swift */,
			);
			path = I_SeeTests;
			sourceTree = "<group>";
		};
		008A220C28FD089600AE6506 /* I_SeeUITests */ = {
			isa = PBXGroup;
			children = (
				008A220D28FD089600AE6506 /* I_SeeUITests.swift */,
				008A220F28FD089600AE6506 /* I_SeeUITestsLaunchTests.swift */,
			);
			path = I_SeeUITests;
			sourceTree = "<group>";
		};
/* End PBXGroup section */

/* Begin PBXNativeTarget section */
		008A21ED28FD089600AE6506 /* I_See */ = {
			isa = PBXNativeTarget;
			buildConfigurationList = 008A221328FD089600AE6506 /* Build configuration list for PBXNativeTarget "I_See" */;
			buildPhases = (
				008A21EA28FD089600AE6506 /* Sources */,
				008A21EB28FD089600AE6506 /* Frameworks */,
				008A21EC28FD089600AE6506 /* Resources */,
			);
			buildRules = (
			);
			dependencies = (
			);
			name = I_See;
			productName = I_See;
			productReference = 008A21EE28FD089600AE6506 /* I_See.app */;
			productType = "com.apple.product-type.application";
		};
		008A21FE28FD089600AE6506 /* I_SeeTests */ = {
			isa = PBXNativeTarget;
			buildConfigurationList = 008A221628FD089600AE6506 /* Build configuration list for PBXNativeTarget "I_SeeTests" */;
			buildPhases = (
				008A21FB28FD089600AE6506 /* Sources */,
				008A21FC28FD089600AE6506 /* Frameworks */,
				008A21FD28FD089600AE6506 /* Resources */,
			);
			buildRules = (
			);
			dependencies = (
				008A220128FD089600AE6506 /* PBXTargetDependency */,
			);
			name = I_SeeTests;
			productName = I_SeeTests;
			productReference = 008A21FF28FD089600AE6506 /* I_SeeTests.xctest */;
			productType = "com.apple.product-type.bundle.unit-test";
		};
		008A220828FD089600AE6506 /* I_SeeUITests */ = {
			isa = PBXNativeTarget;
			buildConfigurationList = 008A221928FD089600AE6506 /* Build configuration list for PBXNativeTarget "I_SeeUITests" */;
			buildPhases = (
				008A220528FD089600AE6506 /* Sources */,
				008A220628FD089600AE6506 /* Frameworks */,
				008A220728FD089600AE6506 /* Resources */,
			);
			buildRules = (
			);
			dependencies = (
				008A220B28FD089600AE6506 /* PBXTargetDependency */,
			);
			name = I_SeeUITests;
			productName = I_SeeUITests;
			productReference = 008A220928FD089600AE6506 /* I_SeeUITests.xctest */;
			productType = "com.apple.product-type.bundle.ui-testing";
		};
/* End PBXNativeTarget section */

/* Begin PBXProject section */
		008A21E628FD089600AE6506 /* Project object */ = {
			isa = PBXProject;
			attributes = {
				BuildIndependentTargetsInParallel = 1;
				LastSwiftUpdateCheck = 1400;
				LastUpgradeCheck = 1400;
				TargetAttributes = {
					008A21ED28FD089600AE6506 = {
						CreatedOnToolsVersion = 14.0.1;
					};
					008A21FE28FD089600AE6506 = {
						CreatedOnToolsVersion = 14.0.1;
						TestTargetID = 008A21ED28FD089600AE6506;
					};
					008A220828FD089600AE6506 = {
						CreatedOnToolsVersion = 14.0.1;
						TestTargetID = 008A21ED28FD089600AE6506;
					};
				};
			};
			buildConfigurationList = 008A21E928FD089600AE6506 /* Build configuration list for PBXProject "I_See" */;
			compatibilityVersion = "Xcode 14.0";
			developmentRegion = en;
			hasScannedForEncodings = 0;
			knownRegions = (
				en,
				Base,
			);
			mainGroup = 008A21E528FD089600AE6506;
			productRefGroup = 008A21EF28FD089600AE6506 /* Products */;
			projectDirPath = "";
			projectRoot = "";
			targets = (
				008A21ED28FD089600AE6506 /* I_See */,
				008A21FE28FD089600AE6506 /* I_SeeTests */,
				008A220828FD089600AE6506 /* I_SeeUITests */,
			);
		};
/* End PBXProject section */

/* Begin PBXResourcesBuildPhase section */
		008A21EC28FD089600AE6506 /* Resources */ = {
			isa = PBXResourcesBuildPhase;
			buildActionMask = 2147483647;
			files = (
				008A222E28FD0DE000AE6506 /* Deb1.png in Resources */,
				008A223528FD129300AE6506 /* testdata.json in Resources */,
				008A21FA28FD089600AE6506 /* Preview Assets.xcassets in Resources */,
				008A222B28FD0DE000AE6506 /* KateBilo2.png in Resources */,
				008A21F628FD089600AE6506 /* Assets.xcassets in Resources */,
				008A222C28FD0DE000AE6506 /* BirdFeeder.png in Resources */,
				008A222D28FD0DE000AE6506 /* KateBilo1.png in Resources */,
				008A223628FD129300AE6506 /* data.json in Resources */,
				008A222928FD0DE000AE6506 /* Dresser.png in Resources */,
				008A222F28FD0DE000AE6506 /* GermanPitcher.png in Resources */,
				008A222A28FD0DE000AE6506 /* PaintedRock1.png in Resources */,
				008A221D28FD0C2900AE6506 /* Items.json in Resources */,
			);
			runOnlyForDeploymentPostprocessing = 0;
		};
		008A21FD28FD089600AE6506 /* Resources */ = {
			isa = PBXResourcesBuildPhase;
			buildActionMask = 2147483647;
			files = (
			);
			runOnlyForDeploymentPostprocessing = 0;
		};
		008A220728FD089600AE6506 /* Resources */ = {
			isa = PBXResourcesBuildPhase;
			buildActionMask = 2147483647;
			files = (
			);
			runOnlyForDeploymentPostprocessing = 0;
		};
/* End PBXResourcesBuildPhase section */

/* Begin PBXSourcesBuildPhase section */
		008A21EA28FD089600AE6506 /* Sources */ = {
			isa = PBXSourcesBuildPhase;
			buildActionMask = 2147483647;
			files = (
				008A223428FD129300AE6506 /* Models.swift in Sources */,
				008A21F428FD089600AE6506 /* ContentView.swift in Sources */,
				008A21F228FD089600AE6506 /* I_SeeApp.swift in Sources */,
				008A223728FD129300AE6506 /* Logger.swift in Sources */,
			);
			runOnlyForDeploymentPostprocessing = 0;
		};
		008A21FB28FD089600AE6506 /* Sources */ = {
			isa = PBXSourcesBuildPhase;
			buildActionMask = 2147483647;
			files = (
				008A220428FD089600AE6506 /* I_SeeTests.swift in Sources */,
			);
			runOnlyForDeploymentPostprocessing = 0;
		};
		008A220528FD089600AE6506 /* Sources */ = {
			isa = PBXSourcesBuildPhase;
			buildActionMask = 2147483647;
			files = (
				008A221028FD089600AE6506 /* I_SeeUITestsLaunchTests.swift in Sources */,
				008A220E28FD089600AE6506 /* I_SeeUITests.swift in Sources */,
			);
			runOnlyForDeploymentPostprocessing = 0;
		};
/* End PBXSourcesBuildPhase section */

/* Begin PBXTargetDependency section */
		008A220128FD089600AE6506 /* PBXTargetDependency */ = {
			isa = PBXTargetDependency;
			target = 008A21ED28FD089600AE6506 /* I_See */;
			targetProxy = 008A220028FD089600AE6506 /* PBXContainerItemProxy */;
		};
		008A220B28FD089600AE6506 /* PBXTargetDependency */ = {
			isa = PBXTargetDependency;
			target = 008A21ED28FD089600AE6506 /* I_See */;
			targetProxy = 008A220A28FD089600AE6506 /* PBXContainerItemProxy */;
		};
/* End PBXTargetDependency section */

/* Begin XCBuildConfiguration section */
		008A221128FD089600AE6506 /* Debug */ = {
			isa = XCBuildConfiguration;
			buildSettings = {
				ALWAYS_SEARCH_USER_PATHS = NO;
				CLANG_ANALYZER_NONNULL = YES;
				CLANG_ANALYZER_NUMBER_OBJECT_CONVERSION = YES_AGGRESSIVE;
				CLANG_CXX_LANGUAGE_STANDARD = "gnu++20";
				CLANG_ENABLE_MODULES = YES;
				CLANG_ENABLE_OBJC_ARC = YES;
				CLANG_ENABLE_OBJC_WEAK = YES;
				CLANG_WARN_BLOCK_CAPTURE_AUTORELEASING = YES;
				CLANG_WARN_BOOL_CONVERSION = YES;
				CLANG_WARN_COMMA = YES;
				CLANG_WARN_CONSTANT_CONVERSION = YES;
				CLANG_WARN_DEPRECATED_OBJC_IMPLEMENTATIONS = YES;
				CLANG_WARN_DIRECT_OBJC_ISA_USAGE = YES_ERROR;
				CLANG_WARN_DOCUMENTATION_COMMENTS = YES;
				CLANG_WARN_EMPTY_BODY = YES;
				CLANG_WARN_ENUM_CONVERSION = YES;
				CLANG_WARN_INFINITE_RECURSION = YES;
				CLANG_WARN_INT_CONVERSION = YES;
				CLANG_WARN_NON_LITERAL_NULL_CONVERSION = YES;
				CLANG_WARN_OBJC_IMPLICIT_RETAIN_SELF = YES;
				CLANG_WARN_OBJC_LITERAL_CONVERSION = YES;
				CLANG_WARN_OBJC_ROOT_CLASS = YES_ERROR;
				CLANG_WARN_QUOTED_INCLUDE_IN_FRAMEWORK_HEADER = YES;
				CLANG_WARN_RANGE_LOOP_ANALYSIS = YES;
				CLANG_WARN_STRICT_PROTOTYPES = YES;
				CLANG_WARN_SUSPICIOUS_MOVE = YES;
				CLANG_WARN_UNGUARDED_AVAILABILITY = YES_AGGRESSIVE;
				CLANG_WARN_UNREACHABLE_CODE = YES;
				CLANG_WARN__DUPLICATE_METHOD_MATCH = YES;
				COPY_PHASE_STRIP = NO;
				DEBUG_INFORMATION_FORMAT = dwarf;
				ENABLE_STRICT_OBJC_MSGSEND = YES;
				ENABLE_TESTABILITY = YES;
				GCC_C_LANGUAGE_STANDARD = gnu11;
				GCC_DYNAMIC_NO_PIC = NO;
				GCC_NO_COMMON_BLOCKS = YES;
				GCC_OPTIMIZATION_LEVEL = 0;
				GCC_PREPROCESSOR_DEFINITIONS = (
					"DEBUG=1",
					"$(inherited)",
				);
				GCC_WARN_64_TO_32_BIT_CONVERSION = YES;
				GCC_WARN_ABOUT_RETURN_TYPE = YES_ERROR;
				GCC_WARN_UNDECLARED_SELECTOR = YES;
				GCC_WARN_UNINITIALIZED_AUTOS = YES_AGGRESSIVE;
				GCC_WARN_UNUSED_FUNCTION = YES;
				GCC_WARN_UNUSED_VARIABLE = YES;
				MTL_ENABLE_DEBUG_INFO = INCLUDE_SOURCE;
				MTL_FAST_MATH = YES;
				ONLY_ACTIVE_ARCH = YES;
				SWIFT_ACTIVE_COMPILATION_CONDITIONS = DEBUG;
				SWIFT_OPTIMIZATION_LEVEL = "-Onone";
			};
			name = Debug;
		};
		008A221228FD089600AE6506 /* Release */ = {
			isa = XCBuildConfiguration;
			buildSettings = {
				ALWAYS_SEARCH_USER_PATHS = NO;
				CLANG_ANALYZER_NONNULL = YES;
				CLANG_ANALYZER_NUMBER_OBJECT_CONVERSION = YES_AGGRESSIVE;
				CLANG_CXX_LANGUAGE_STANDARD = "gnu++20";
				CLANG_ENABLE_MODULES = YES;
				CLANG_ENABLE_OBJC_ARC = YES;
				CLANG_ENABLE_OBJC_WEAK = YES;
				CLANG_WARN_BLOCK_CAPTURE_AUTORELEASING = YES;
				CLANG_WARN_BOOL_CONVERSION = YES;
				CLANG_WARN_COMMA = YES;
				CLANG_WARN_CONSTANT_CONVERSION = YES;
				CLANG_WARN_DEPRECATED_OBJC_IMPLEMENTATIONS = YES;
				CLANG_WARN_DIRECT_OBJC_ISA_USAGE = YES_ERROR;
				CLANG_WARN_DOCUMENTATION_COMMENTS = YES;
				CLANG_WARN_EMPTY_BODY = YES;
				CLANG_WARN_ENUM_CONVERSION = YES;
				CLANG_WARN_INFINITE_RECURSION = YES;
				CLANG_WARN_INT_CONVERSION = YES;
				CLANG_WARN_NON_LITERAL_NULL_CONVERSION = YES;
				CLANG_WARN_OBJC_IMPLICIT_RETAIN_SELF = YES;
				CLANG_WARN_OBJC_LITERAL_CONVERSION = YES;
				CLANG_WARN_OBJC_ROOT_CLASS = YES_ERROR;
				CLANG_WARN_QUOTED_INCLUDE_IN_FRAMEWORK_HEADER = YES;
				CLANG_WARN_RANGE_LOOP_ANALYSIS = YES;
				CLANG_WARN_STRICT_PROTOTYPES = YES;
				CLANG_WARN_SUSPICIOUS_MOVE = YES;
				CLANG_WARN_UNGUARDED_AVAILABILITY = YES_AGGRESSIVE;
				CLANG_WARN_UNREACHABLE_CODE = YES;
				CLANG_WARN__DUPLICATE_METHOD_MATCH = YES;
				COPY_PHASE_STRIP = NO;
				DEBUG_INFORMATION_FORMAT = "dwarf-with-dsym";
				ENABLE_NS_ASSERTIONS = NO;
				ENABLE_STRICT_OBJC_MSGSEND = YES;
				GCC_C_LANGUAGE_STANDARD = gnu11;
				GCC_NO_COMMON_BLOCKS = YES;
				GCC_WARN_64_TO_32_BIT_CONVERSION = YES;
				GCC_WARN_ABOUT_RETURN_TYPE = YES_ERROR;
				GCC_WARN_UNDECLARED_SELECTOR = YES;
				GCC_WARN_UNINITIALIZED_AUTOS = YES_AGGRESSIVE;
				GCC_WARN_UNUSED_FUNCTION = YES;
				GCC_WARN_UNUSED_VARIABLE = YES;
				MTL_ENABLE_DEBUG_INFO = NO;
				MTL_FAST_MATH = YES;
				SWIFT_COMPILATION_MODE = wholemodule;
				SWIFT_OPTIMIZATION_LEVEL = "-O";
			};
			name = Release;
		};
		008A221428FD089600AE6506 /* Debug */ = {
			isa = XCBuildConfiguration;
			buildSettings = {
				ASSETCATALOG_COMPILER_APPICON_NAME = AppIcon;
				ASSETCATALOG_COMPILER_GLOBAL_ACCENT_COLOR_NAME = AccentColor;
				CODE_SIGN_ENTITLEMENTS = I_See/I_See.entitlements;
				CODE_SIGN_STYLE = Automatic;
				CURRENT_PROJECT_VERSION = 1;
				DEVELOPMENT_ASSET_PATHS = "\"I_See/Preview Content\"";
				DEVELOPMENT_TEAM = GV9S8B6VHZ;
				ENABLE_HARDENED_RUNTIME = YES;
				ENABLE_PREVIEWS = YES;
				GENERATE_INFOPLIST_FILE = YES;
				"INFOPLIST_KEY_UIApplicationSceneManifest_Generation[sdk=iphoneos*]" = YES;
				"INFOPLIST_KEY_UIApplicationSceneManifest_Generation[sdk=iphonesimulator*]" = YES;
				"INFOPLIST_KEY_UIApplicationSupportsIndirectInputEvents[sdk=iphoneos*]" = YES;
				"INFOPLIST_KEY_UIApplicationSupportsIndirectInputEvents[sdk=iphonesimulator*]" = YES;
				"INFOPLIST_KEY_UILaunchScreen_Generation[sdk=iphoneos*]" = YES;
				"INFOPLIST_KEY_UILaunchScreen_Generation[sdk=iphonesimulator*]" = YES;
				"INFOPLIST_KEY_UIStatusBarStyle[sdk=iphoneos*]" = UIStatusBarStyleDefault;
				"INFOPLIST_KEY_UIStatusBarStyle[sdk=iphonesimulator*]" = UIStatusBarStyleDefault;
				INFOPLIST_KEY_UISupportedInterfaceOrientations_iPad = "UIInterfaceOrientationPortrait UIInterfaceOrientationPortraitUpsideDown UIInterfaceOrientationLandscapeLeft UIInterfaceOrientationLandscapeRight";
				INFOPLIST_KEY_UISupportedInterfaceOrientations_iPhone = "UIInterfaceOrientationPortrait UIInterfaceOrientationLandscapeLeft UIInterfaceOrientationLandscapeRight";
				IPHONEOS_DEPLOYMENT_TARGET = 16.0;
				LD_RUNPATH_SEARCH_PATHS = "@executable_path/Frameworks";
				"LD_RUNPATH_SEARCH_PATHS[sdk=macosx*]" = "@executable_path/../Frameworks";
				MACOSX_DEPLOYMENT_TARGET = 12.3;
				MARKETING_VERSION = 1.0;
				PRODUCT_BUNDLE_IDENTIFIER = "com.shootforthegoal.I-See";
				PRODUCT_NAME = "$(TARGET_NAME)";
				SDKROOT = auto;
				SUPPORTED_PLATFORMS = "iphoneos iphonesimulator macosx";
				SWIFT_EMIT_LOC_STRINGS = YES;
				SWIFT_VERSION = 5.0;
				TARGETED_DEVICE_FAMILY = "1,2";
			};
			name = Debug;
		};
		008A221528FD089600AE6506 /* Release */ = {
			isa = XCBuildConfiguration;
			buildSettings = {
				ASSETCATALOG_COMPILER_APPICON_NAME = AppIcon;
				ASSETCATALOG_COMPILER_GLOBAL_ACCENT_COLOR_NAME = AccentColor;
				CODE_SIGN_ENTITLEMENTS = I_See/I_See.entitlements;
				CODE_SIGN_STYLE = Automatic;
				CURRENT_PROJECT_VERSION = 1;
				DEVELOPMENT_ASSET_PATHS = "\"I_See/Preview Content\"";
				DEVELOPMENT_TEAM = GV9S8B6VHZ;
				ENABLE_HARDENED_RUNTIME = YES;
				ENABLE_PREVIEWS = YES;
				GENERATE_INFOPLIST_FILE = YES;
				"INFOPLIST_KEY_UIApplicationSceneManifest_Generation[sdk=iphoneos*]" = YES;
				"INFOPLIST_KEY_UIApplicationSceneManifest_Generation[sdk=iphonesimulator*]" = YES;
				"INFOPLIST_KEY_UIApplicationSupportsIndirectInputEvents[sdk=iphoneos*]" = YES;
				"INFOPLIST_KEY_UIApplicationSupportsIndirectInputEvents[sdk=iphonesimulator*]" = YES;
				"INFOPLIST_KEY_UILaunchScreen_Generation[sdk=iphoneos*]" = YES;
				"INFOPLIST_KEY_UILaunchScreen_Generation[sdk=iphonesimulator*]" = YES;
				"INFOPLIST_KEY_UIStatusBarStyle[sdk=iphoneos*]" = UIStatusBarStyleDefault;
				"INFOPLIST_KEY_UIStatusBarStyle[sdk=iphonesimulator*]" = UIStatusBarStyleDefault;
				INFOPLIST_KEY_UISupportedInterfaceOrientations_iPad = "UIInterfaceOrientationPortrait UIInterfaceOrientationPortraitUpsideDown UIInterfaceOrientationLandscapeLeft UIInterfaceOrientationLandscapeRight";
				INFOPLIST_KEY_UISupportedInterfaceOrientations_iPhone = "UIInterfaceOrientationPortrait UIInterfaceOrientationLandscapeLeft UIInterfaceOrientationLandscapeRight";
				IPHONEOS_DEPLOYMENT_TARGET = 16.0;
				LD_RUNPATH_SEARCH_PATHS = "@executable_path/Frameworks";
				"LD_RUNPATH_SEARCH_PATHS[sdk=macosx*]" = "@executable_path/../Frameworks";
				MACOSX_DEPLOYMENT_TARGET = 12.3;
				MARKETING_VERSION = 1.0;
				PRODUCT_BUNDLE_IDENTIFIER = "com.shootforthegoal.I-See";
				PRODUCT_NAME = "$(TARGET_NAME)";
				SDKROOT = auto;
				SUPPORTED_PLATFORMS = "iphoneos iphonesimulator macosx";
				SWIFT_EMIT_LOC_STRINGS = YES;
				SWIFT_VERSION = 5.0;
				TARGETED_DEVICE_FAMILY = "1,2";
			};
			name = Release;
		};
		008A221728FD089600AE6506 /* Debug */ = {
			isa = XCBuildConfiguration;
			buildSettings = {
				ALWAYS_EMBED_SWIFT_STANDARD_LIBRARIES = YES;
				BUNDLE_LOADER = "$(TEST_HOST)";
				CODE_SIGN_STYLE = Automatic;
				CURRENT_PROJECT_VERSION = 1;
				DEVELOPMENT_TEAM = GV9S8B6VHZ;
				GENERATE_INFOPLIST_FILE = YES;
				IPHONEOS_DEPLOYMENT_TARGET = 16.0;
				MACOSX_DEPLOYMENT_TARGET = 12.3;
				MARKETING_VERSION = 1.0;
				PRODUCT_BUNDLE_IDENTIFIER = "com.shootforthegoal.I-SeeTests";
				PRODUCT_NAME = "$(TARGET_NAME)";
				SDKROOT = auto;
				SUPPORTED_PLATFORMS = "iphoneos iphonesimulator macosx";
				SWIFT_EMIT_LOC_STRINGS = NO;
				SWIFT_VERSION = 5.0;
				TARGETED_DEVICE_FAMILY = "1,2";
				TEST_HOST = "$(BUILT_PRODUCTS_DIR)/I_See.app/$(BUNDLE_EXECUTABLE_FOLDER_PATH)/I_See";
			};
			name = Debug;
		};
		008A221828FD089600AE6506 /* Release */ = {
			isa = XCBuildConfiguration;
			buildSettings = {
				ALWAYS_EMBED_SWIFT_STANDARD_LIBRARIES = YES;
				BUNDLE_LOADER = "$(TEST_HOST)";
				CODE_SIGN_STYLE = Automatic;
				CURRENT_PROJECT_VERSION = 1;
				DEVELOPMENT_TEAM = GV9S8B6VHZ;
				GENERATE_INFOPLIST_FILE = YES;
				IPHONEOS_DEPLOYMENT_TARGET = 16.0;
				MACOSX_DEPLOYMENT_TARGET = 12.3;
				MARKETING_VERSION = 1.0;
				PRODUCT_BUNDLE_IDENTIFIER = "com.shootforthegoal.I-SeeTests";
				PRODUCT_NAME = "$(TARGET_NAME)";
				SDKROOT = auto;
				SUPPORTED_PLATFORMS = "iphoneos iphonesimulator macosx";
				SWIFT_EMIT_LOC_STRINGS = NO;
				SWIFT_VERSION = 5.0;
				TARGETED_DEVICE_FAMILY = "1,2";
				TEST_HOST = "$(BUILT_PRODUCTS_DIR)/I_See.app/$(BUNDLE_EXECUTABLE_FOLDER_PATH)/I_See";
			};
			name = Release;
		};
		008A221A28FD089600AE6506 /* Debug */ = {
			isa = XCBuildConfiguration;
			buildSettings = {
				ALWAYS_EMBED_SWIFT_STANDARD_LIBRARIES = YES;
				CODE_SIGN_STYLE = Automatic;
				CURRENT_PROJECT_VERSION = 1;
				DEVELOPMENT_TEAM = GV9S8B6VHZ;
				GENERATE_INFOPLIST_FILE = YES;
				IPHONEOS_DEPLOYMENT_TARGET = 16.0;
				MACOSX_DEPLOYMENT_TARGET = 12.3;
				MARKETING_VERSION = 1.0;
				PRODUCT_BUNDLE_IDENTIFIER = "com.shootforthegoal.I-SeeUITests";
				PRODUCT_NAME = "$(TARGET_NAME)";
				SDKROOT = auto;
				SUPPORTED_PLATFORMS = "iphoneos iphonesimulator macosx";
				SWIFT_EMIT_LOC_STRINGS = NO;
				SWIFT_VERSION = 5.0;
				TARGETED_DEVICE_FAMILY = "1,2";
				TEST_TARGET_NAME = I_See;
			};
			name = Debug;
		};
		008A221B28FD089600AE6506 /* Release */ = {
			isa = XCBuildConfiguration;
			buildSettings = {
				ALWAYS_EMBED_SWIFT_STANDARD_LIBRARIES = YES;
				CODE_SIGN_STYLE = Automatic;
				CURRENT_PROJECT_VERSION = 1;
				DEVELOPMENT_TEAM = GV9S8B6VHZ;
				GENERATE_INFOPLIST_FILE = YES;
				IPHONEOS_DEPLOYMENT_TARGET = 16.0;
				MACOSX_DEPLOYMENT_TARGET = 12.3;
				MARKETING_VERSION = 1.0;
				PRODUCT_BUNDLE_IDENTIFIER = "com.shootforthegoal.I-SeeUITests";
				PRODUCT_NAME = "$(TARGET_NAME)";
				SDKROOT = auto;
				SUPPORTED_PLATFORMS = "iphoneos iphonesimulator macosx";
				SWIFT_EMIT_LOC_STRINGS = NO;
				SWIFT_VERSION = 5.0;
				TARGETED_DEVICE_FAMILY = "1,2";
				TEST_TARGET_NAME = I_See;
			};
			name = Release;
		};
/* End XCBuildConfiguration section */

/* Begin XCConfigurationList section */
		008A21E928FD089600AE6506 /* Build configuration list for PBXProject "I_See" */ = {
			isa = XCConfigurationList;
			buildConfigurations = (
				008A221128FD089600AE6506 /* Debug */,
				008A221228FD089600AE6506 /* Release */,
			);
			defaultConfigurationIsVisible = 0;
			defaultConfigurationName = Release;
		};
		008A221328FD089600AE6506 /* Build configuration list for PBXNativeTarget "I_See" */ = {
			isa = XCConfigurationList;
			buildConfigurations = (
				008A221428FD089600AE6506 /* Debug */,
				008A221528FD089600AE6506 /* Release */,
			);
			defaultConfigurationIsVisible = 0;
			defaultConfigurationName = Release;
		};
		008A221628FD089600AE6506 /* Build configuration list for PBXNativeTarget "I_SeeTests" */ = {
			isa = XCConfigurationList;
			buildConfigurations = (
				008A221728FD089600AE6506 /* Debug */,
				008A221828FD089600AE6506 /* Release */,
			);
			defaultConfigurationIsVisible = 0;
			defaultConfigurationName = Release;
		};
		008A221928FD089600AE6506 /* Build configuration list for PBXNativeTarget "I_SeeUITests" */ = {
			isa = XCConfigurationList;
			buildConfigurations = (
				008A221A28FD089600AE6506 /* Debug */,
				008A221B28FD089600AE6506 /* Release */,
			);
			defaultConfigurationIsVisible = 0;
			defaultConfigurationName = Release;
		};
/* End XCConfigurationList section */
	};
	rootObject = 008A21E628FD089600AE6506 /* Project object */;
}
